
Microsoft Visual Studio Solution File, Format Version 12.00
# Visual Studio Version 16
VisualStudioVersion = 16.0.31729.503
MinimumVisualStudioVersion = 10.0.40219.1
Project("{FAE04EC0-301F-11D3-BF4B-00C04F79EFBC}") = "EarPhonePriceCheck", "EarPhonePriceCheck.csproj", "{F04847E4-1C61-4119-91E0-334E50E007D4}"
EndProject
Global
	GlobalSection(SolutionConfigurationPlatforms) = preSolution
		Debug|Any CPU = Debug|Any CPU
		Release|Any CPU = Release|Any CPU
	EndGlobalSection
	GlobalSection(ProjectConfigurationPlatforms) = postSolution
		{F04847E4-1C61-4119-91E0-334E50E007D4}.Debug|Any CPU.ActiveCfg = Debug|Any CPU
		{F04847E4-1C61-4119-91E0-334E50E007D4}.Debug|Any CPU.Build.0 = Debug|Any CPU
		{F04847E4-1C61-4119-91E0-334E50E007D4}.Release|Any CPU.ActiveCfg = Release|Any CPU
		{F04847E4-1C61-4119-91E0-334E50E007D4}.Release|Any CPU.Build.0 = Release|Any CPU
	EndGlobalSection
	GlobalSection(SolutionProperties) = preSolution
		HideSolutionNode = FALSE
	EndGlobalSection
	GlobalSection(ExtensibilityGlobals) = postSolution
		SolutionGuid = {8D54CB0B-4C50-43E9-99EA-45ECC7545C1A}
	EndGlobalSection
EndGlobal
